<?xml version="1.0" encoding="utf-8"?>
<Project ToolsVersion="4.0" xmlns="http://schemas.microsoft.com/developer/msbuild/2003">
  <ItemGroup>
    <Filter Include="KamataEngine">
      <UniqueIdentifier>{4FC737F1-C7A5-4376-A066-2A32D752A2FF}</UniqueIdentifier>
      <Extensions>cpp;c;cc;cxx;c++;cppm;ixx;def;odl;idl;hpj;bat;asm;asmx</Extensions>
    </Filter>
    <Filter Include="KamataEngine\Source">
      <UniqueIdentifier>{d966e9f8-e880-44ae-8586-a08515e4cffc}</UniqueIdentifier>
    </Filter>
    <Filter Include="KamataEngine\Include">
      <UniqueIdentifier>{4aae4e40-94f7-4d32-9a91-c0c37a2edf0d}</UniqueIdentifier>
    </Filter>
    <Filter Include="KamataEngine\Adapter">
      <UniqueIdentifier>{c6468eb4-788b-4a83-b207-a5f4804e56c5}</UniqueIdentifier>
    </Filter>
    <Filter Include="Math">
      <UniqueIdentifier>{c0331104-ca1b-44c2-81ea-3f8c2cc48c3b}</UniqueIdentifier>
    </Filter>
    <Filter Include="Math\header">
      <UniqueIdentifier>{813bd4d5-d866-4ef8-9c81-fde419d38c6d}</UniqueIdentifier>
    </Filter>
    <Filter Include="Math\source">
      <UniqueIdentifier>{4647e077-4dd1-4393-a181-60acea2e3445}</UniqueIdentifier>
    </Filter>
    <Filter Include="Game">
      <UniqueIdentifier>{d62fbd6c-25f2-4156-bd47-3edba2b8e848}</UniqueIdentifier>
    </Filter>
    <Filter Include="Game\Player">
      <UniqueIdentifier>{8facb527-cce3-4fce-9aae-c6dec03cc804}</UniqueIdentifier>
    </Filter>
    <Filter Include="Game\Player\header">
      <UniqueIdentifier>{a7da6ab9-40ca-4ff7-990c-b144b45f4d38}</UniqueIdentifier>
    </Filter>
    <Filter Include="Game\Player\source">
      <UniqueIdentifier>{8c3bd56f-2bd4-4ac8-b21c-09ada183727e}</UniqueIdentifier>
    </Filter>
    <Filter Include="Game\Enemy">
      <UniqueIdentifier>{d334074c-edc2-4d66-9e58-3b94ea9f87ba}</UniqueIdentifier>
    </Filter>
    <Filter Include="Game\Enemy\header">
      <UniqueIdentifier>{d09f80a7-fb6a-4852-a2a2-a4eed7ae9365}</UniqueIdentifier>
    </Filter>
    <Filter Include="Game\Enemy\source">
      <UniqueIdentifier>{05cbd759-29b0-45fa-90f9-841ad05ffef7}</UniqueIdentifier>
    </Filter>
    <Filter Include="Game\Base">
      <UniqueIdentifier>{4443e148-27f6-45b6-9fdc-494c32cb8fe6}</UniqueIdentifier>
    </Filter>
    <Filter Include="Game\Base\header">
      <UniqueIdentifier>{55b8340a-fd6a-4013-a359-aaa0445cf17f}</UniqueIdentifier>
    </Filter>
    <Filter Include="Game\Base\source">
      <UniqueIdentifier>{c471bcfc-e253-4fe0-8277-d0e5b867780f}</UniqueIdentifier>
    </Filter>
  </ItemGroup>
  <ItemGroup>
    <ClCompile Include="C:\KamataEngine\DirectXGame\base\DirectXCommon.cpp">
      <Filter>KamataEngine\Source</Filter>
    </ClCompile>
    <ClCompile Include="C:\KamataEngine\DirectXGame\base\TextureManager.cpp">
      <Filter>KamataEngine\Source</Filter>
    </ClCompile>
    <ClCompile Include="C:\KamataEngine\DirectXGame\scene\GameScene.cpp">
      <Filter>KamataEngine\Source</Filter>
    </ClCompile>
    <ClCompile Include="C:\KamataEngine\DirectXGame\base\WinApp.cpp">
      <Filter>KamataEngine\Source</Filter>
    </ClCompile>
    <ClCompile Include="main.cpp" />
    <ClCompile Include="C:\KamataEngine\Adapter\Novice.cpp">
      <Filter>KamataEngine\Adapter</Filter>
    </ClCompile>
    <ClCompile Include="C:\KamataEngine\DirectXGame\2d\ImGuiManager.cpp">
      <Filter>KamataEngine</Filter>
    </ClCompile>
    <ClCompile Include="C:\KamataEngine\DirectXGame\base\StringUtility.cpp">
      <Filter>KamataEngine\Source</Filter>
    </ClCompile>
    <ClCompile Include="MatrixCalculation.cpp">
      <Filter>Math\source</Filter>
    </ClCompile>
    <ClCompile Include="MathCalculation.cpp">
      <Filter>Math\source</Filter>
    </ClCompile>
    <ClCompile Include="Player.cpp">
      <Filter>Game\Player\source</Filter>
    </ClCompile>
    <ClCompile Include="Gun.cpp">
      <Filter>Game\Player\source</Filter>
    </ClCompile>
    <ClCompile Include="Base_Entity.cpp">
      <Filter>Game\Base\source</Filter>
    </ClCompile>
    <ClCompile Include="Bullet.cpp">
      <Filter>Game\Base\source</Filter>
    </ClCompile>
    <ClCompile Include="Camera.cpp">
      <Filter>Game\Base\source</Filter>
    </ClCompile>
    <ClCompile Include="Enemy.cpp">
      <Filter>Game\Enemy\source</Filter>
    </ClCompile>
    <ClCompile Include="EnemyGun.cpp">
      <Filter>Game\Enemy\source</Filter>
    </ClCompile>
    <ClCompile Include="EnemyManager.cpp">
      <Filter>Game\Enemy\source</Filter>
    </ClCompile>
    <ClCompile Include="Collition.cpp">
      <Filter>Game\Base\source</Filter>
    </ClCompile>
    <ClCompile Include="Title.cpp">
      <Filter>Game\Base\source</Filter>
    </ClCompile>
    <ClCompile Include="Result.cpp">
      <Filter>Game\Base\source</Filter>
    </ClCompile>
    <ClCompile Include="Game.cpp">
      <Filter>Game\Base\source</Filter>
    </ClCompile>
    <ClCompile Include="Scene.cpp">
      <Filter>Game\Base\source</Filter>
    </ClCompile>
  </ItemGroup>
  <ItemGroup>
    <ClInclude Include="C:\KamataEngine\DirectXGame\audio\Audio.h">
      <Filter>KamataEngine\Include</Filter>
    </ClInclude>
    <ClInclude Include="C:\KamataEngine\DirectXGame\2d\DebugText.h">
      <Filter>KamataEngine\Include</Filter>
    </ClInclude>
    <ClInclude Include="C:\KamataEngine\DirectXGame\base\DirectXCommon.h">
      <Filter>KamataEngine\Include</Filter>
    </ClInclude>
    <ClInclude Include="C:\KamataEngine\DirectXGame\scene\GameScene.h">
      <Filter>KamataEngine\Include</Filter>
    </ClInclude>
    <ClInclude Include="C:\KamataEngine\DirectXGame\input\Input.h">
      <Filter>KamataEngine\Include</Filter>
    </ClInclude>
    <ClInclude Include="C:\KamataEngine\DirectXGame\3d\Model.h">
      <Filter>KamataEngine\Include</Filter>
    </ClInclude>
    <ClInclude Include="C:\KamataEngine\DirectXGame\base\SafeDelete.h">
      <Filter>KamataEngine\Include</Filter>
    </ClInclude>
    <ClInclude Include="C:\KamataEngine\DirectXGame\2d\Sprite.h">
      <Filter>KamataEngine\Include</Filter>
    </ClInclude>
    <ClInclude Include="C:\KamataEngine\DirectXGame\base\TextureManager.h">
      <Filter>KamataEngine\Include</Filter>
    </ClInclude>
    <ClInclude Include="C:\KamataEngine\DirectXGame\3d\ViewProjection.h">
      <Filter>KamataEngine\Include</Filter>
    </ClInclude>
    <ClInclude Include="C:\KamataEngine\DirectXGame\base\WinApp.h">
      <Filter>KamataEngine\Include</Filter>
    </ClInclude>
    <ClInclude Include="C:\KamataEngine\DirectXGame\3d\WorldTransform.h">
      <Filter>KamataEngine\Include</Filter>
    </ClInclude>
    <ClInclude Include="C:\KamataEngine\Adapter\Novice.h">
      <Filter>KamataEngine\Adapter</Filter>
    </ClInclude>
    <ClInclude Include="C:\KamataEngine\DirectXGame\3d\CircleShadow.h">
      <Filter>KamataEngine\Include</Filter>
    </ClInclude>
    <ClInclude Include="C:\KamataEngine\DirectXGame\3d\DebugCamera.h">
      <Filter>KamataEngine\Include</Filter>
    </ClInclude>
    <ClInclude Include="C:\KamataEngine\DirectXGame\3d\DirectionalLight.h">
      <Filter>KamataEngine\Include</Filter>
    </ClInclude>
    <ClInclude Include="C:\KamataEngine\DirectXGame\3d\LightGroup.h">
      <Filter>KamataEngine\Include</Filter>
    </ClInclude>
    <ClInclude Include="C:\KamataEngine\DirectXGame\3d\Material.h">
      <Filter>KamataEngine\Include</Filter>
    </ClInclude>
    <ClInclude Include="C:\KamataEngine\DirectXGame\3d\Mesh.h">
      <Filter>KamataEngine\Include</Filter>
    </ClInclude>
    <ClInclude Include="C:\KamataEngine\DirectXGame\3d\PointLight.h">
      <Filter>KamataEngine\Include</Filter>
    </ClInclude>
    <ClInclude Include="C:\KamataEngine\DirectXGame\3d\SpotLight.h">
      <Filter>KamataEngine\Include</Filter>
    </ClInclude>
    <ClInclude Include="C:\KamataEngine\DirectXGame\math\Matrix4x4.h" />
    <ClInclude Include="C:\KamataEngine\DirectXGame\math\Vector2.h" />
    <ClInclude Include="C:\KamataEngine\DirectXGame\math\Vector3.h" />
    <ClInclude Include="C:\KamataEngine\DirectXGame\math\Vector4.h" />
    <ClInclude Include="C:\KamataEngine\DirectXGame\2d\ImGuiManager.h" />
    <ClInclude Include="C:\KamataEngine\DirectXGame\base\StringUtility.h">
      <Filter>KamataEngine\Include</Filter>
    </ClInclude>
    <ClInclude Include="MatrixCalculation.h">
      <Filter>Math\header</Filter>
    </ClInclude>
    <ClInclude Include="Vector2Matrix.h">
      <Filter>Math\header</Filter>
    </ClInclude>
    <ClInclude Include="MathCalculation.h">
      <Filter>Math\header</Filter>
    </ClInclude>
    <ClInclude Include="Player.h">
      <Filter>Game\Player\header</Filter>
    </ClInclude>
    <ClInclude Include="Gun.h">
      <Filter>Game\Player\header</Filter>
    </ClInclude>
    <ClInclude Include="Base_Entity.h">
      <Filter>Game\Base\header</Filter>
    </ClInclude>
    <ClInclude Include="Bullet.h">
      <Filter>Game\Base\header</Filter>
    </ClInclude>
    <ClInclude Include="Camera.h">
      <Filter>Game\Base\header</Filter>
    </ClInclude>
    <ClInclude Include="Enemy.h">
      <Filter>Game\Enemy\header</Filter>
    </ClInclude>
    <ClInclude Include="EnemyGun.h">
      <Filter>Game\Enemy\header</Filter>
    </ClInclude>
    <ClInclude Include="EnemyManager.h">
      <Filter>Game\Enemy\header</Filter>
    </ClInclude>
    <ClInclude Include="Collition.h">
      <Filter>Game\Base\header</Filter>
    </ClInclude>
    <ClInclude Include="Title.h">
      <Filter>Game\Base\header</Filter>
    </ClInclude>
    <ClInclude Include="Result.h">
      <Filter>Game\Base\header</Filter>
    </ClInclude>
    <ClInclude Include="Game.h">
      <Filter>Game\Base\header</Filter>
    </ClInclude>
    <ClInclude Include="Scene.h">
      <Filter>Game\Base\header</Filter>
    </ClInclude>
  </ItemGroup>
</Project>